
Microsoft Visual Studio Solution File, Format Version 12.00
# Blend for Visual Studio 15
VisualStudioVersion = 15.0.27428.2037
MinimumVisualStudioVersion = 10.0.40219.1
Project("{FAE04EC0-301F-11D3-BF4B-00C04F79EFBC}") = "DowloadApp", "WpfApp1\DowloadApp.csproj", "{5C53E919-0806-4037-9AC5-C1C902409EB6}"
EndProject
Global
	GlobalSection(SolutionConfigurationPlatforms) = preSolution
		Debug|Any CPU = Debug|Any CPU
		Release|Any CPU = Release|Any CPU
	EndGlobalSection
	GlobalSection(ProjectConfigurationPlatforms) = postSolution
		{5C53E919-0806-4037-9AC5-C1C902409EB6}.Debug|Any CPU.ActiveCfg = Debug|Any CPU
		{5C53E919-0806-4037-9AC5-C1C902409EB6}.Debug|Any CPU.Build.0 = Debug|Any CPU
		{5C53E919-0806-4037-9AC5-C1C902409EB6}.Release|Any CPU.ActiveCfg = Release|Any CPU
		{5C53E919-0806-4037-9AC5-C1C902409EB6}.Release|Any CPU.Build.0 = Release|Any CPU
	EndGlobalSection
	GlobalSection(SolutionProperties) = preSolution
		HideSolutionNode = FALSE
	EndGlobalSection
	GlobalSection(ExtensibilityGlobals) = postSolution
		SolutionGuid = {517EC261-D1DF-4572-AC51-E8D3000DCBAA}
	EndGlobalSection
EndGlobal
